
Microsoft Visual Studio Solution File, Format Version 12.00
# Visual Studio 2013
VisualStudioVersion = 12.0.30501.0
MinimumVisualStudioVersion = 10.0.40219.1
Project("{FAE04EC0-301F-11D3-BF4B-00C04F79EFBC}") = "ContentManagementSystem", "ContentManagementSystem\ContentManagementSystem.csproj", "{08B59976-8EB6-489B-9CDD-9890347ADDE5}"
EndProject
Project("{FAE04EC0-301F-11D3-BF4B-00C04F79EFBC}") = "CMS.data.Model", "CMS.data.Model\CMS.data.Model.csproj", "{2F051774-5E4B-4664-898E-C0CEF65ED5A7}"
EndProject
Project("{FAE04EC0-301F-11D3-BF4B-00C04F79EFBC}") = "CMS.Database", "CMS.Database\CMS.Database.csproj", "{7FC43C0B-B21C-4E09-8500-25AF4DBE6FBE}"
EndProject
Global
	GlobalSection(SolutionConfigurationPlatforms) = preSolution
		Debug|Any CPU = Debug|Any CPU
		Release|Any CPU = Release|Any CPU
	EndGlobalSection
	GlobalSection(ProjectConfigurationPlatforms) = postSolution
		{08B59976-8EB6-489B-9CDD-9890347ADDE5}.Debug|Any CPU.ActiveCfg = Debug|Any CPU
		{08B59976-8EB6-489B-9CDD-9890347ADDE5}.Debug|Any CPU.Build.0 = Debug|Any CPU
		{08B59976-8EB6-489B-9CDD-9890347ADDE5}.Release|Any CPU.ActiveCfg = Release|Any CPU
		{08B59976-8EB6-489B-9CDD-9890347ADDE5}.Release|Any CPU.Build.0 = Release|Any CPU
		{2F051774-5E4B-4664-898E-C0CEF65ED5A7}.Debug|Any CPU.ActiveCfg = Debug|Any CPU
		{2F051774-5E4B-4664-898E-C0CEF65ED5A7}.Debug|Any CPU.Build.0 = Debug|Any CPU
		{2F051774-5E4B-4664-898E-C0CEF65ED5A7}.Release|Any CPU.ActiveCfg = Release|Any CPU
		{2F051774-5E4B-4664-898E-C0CEF65ED5A7}.Release|Any CPU.Build.0 = Release|Any CPU
		{7FC43C0B-B21C-4E09-8500-25AF4DBE6FBE}.Debug|Any CPU.ActiveCfg = Debug|Any CPU
		{7FC43C0B-B21C-4E09-8500-25AF4DBE6FBE}.Debug|Any CPU.Build.0 = Debug|Any CPU
		{7FC43C0B-B21C-4E09-8500-25AF4DBE6FBE}.Release|Any CPU.ActiveCfg = Release|Any CPU
		{7FC43C0B-B21C-4E09-8500-25AF4DBE6FBE}.Release|Any CPU.Build.0 = Release|Any CPU
	EndGlobalSection
	GlobalSection(SolutionProperties) = preSolution
		HideSolutionNode = FALSE
	EndGlobalSection
EndGlobal
